<?xml version="1.0" encoding="utf-8"?>
<Project ToolsVersion="4.0" xmlns="http://schemas.microsoft.com/developer/msbuild/2003">
  <ItemGroup>
    <Filter Include="Source Files">
      <UniqueIdentifier>{4FC737F1-C7A5-4376-A066-2A32D752A2FF}</UniqueIdentifier>
      <Extensions>cpp;c;cc;cxx;def;odl;idl;hpj;bat;asm;asmx</Extensions>
    </Filter>
    <Filter Include="Header Files">
      <UniqueIdentifier>{93995380-89BD-4b04-88EB-625FBE52EBFB}</UniqueIdentifier>
      <Extensions>h;hpp;hxx;hm;inl;inc;xsd</Extensions>
    </Filter>
    <Filter Include="Resource Files">
      <UniqueIdentifier>{67DA6AB6-F800-4c08-8B7A-83BB121AAD01}</UniqueIdentifier>
      <Extensions>rc;ico;cur;bmp;dlg;rc2;rct;bin;rgs;gif;jpg;jpeg;jpe;resx;tiff;tif;png;wav</Extensions>
    </Filter>
    <Filter Include="Header Files\Model">
      <UniqueIdentifier>{ae8267fb-e443-4a88-b344-2572042360dc}</UniqueIdentifier>
    </Filter>
    <Filter Include="Header Files\SharedService">
      <UniqueIdentifier>{ff553413-54d5-4809-9fb3-93345636f2b2}</UniqueIdentifier>
    </Filter>
    <Filter Include="Source Files\Model">
      <UniqueIdentifier>{d202aceb-fe5c-438f-a393-7a1d5e8b7f3a}</UniqueIdentifier>
    </Filter>
    <Filter Include="Source Files\API">
      <UniqueIdentifier>{ab843e26-223d-4e5a-a8dc-8996089c79a8}</UniqueIdentifier>
    </Filter>
    <Filter Include="Source Files\Entrance">
      <UniqueIdentifier>{d23ca53c-21d2-424a-a1d0-e38a0bdf7dab}</UniqueIdentifier>
    </Filter>
    <Filter Include="Source Files\Drivement">
      <UniqueIdentifier>{09162b32-008f-4adc-9747-c237a67b771f}</UniqueIdentifier>
    </Filter>
    <Filter Include="Header Files\EntranceSelector">
      <UniqueIdentifier>{22d47897-c802-4f6b-86b2-fe88e9aa38dd}</UniqueIdentifier>
    </Filter>
    <Filter Include="Header Files\Drivement">
      <UniqueIdentifier>{52a4678f-a735-46b2-a90e-d076ce012129}</UniqueIdentifier>
    </Filter>
    <Filter Include="Header Files\API">
      <UniqueIdentifier>{323e2bfc-8e8d-4912-bb68-f99ccd40abb9}</UniqueIdentifier>
    </Filter>
    <Filter Include="Source Files\Model\UI">
      <UniqueIdentifier>{d7e3acd9-26f6-4756-b055-bb0b1b95845a}</UniqueIdentifier>
    </Filter>
    <Filter Include="Header Files\Model\UI">
      <UniqueIdentifier>{ee1ac50f-0a96-42f6-901f-7bdcca06e006}</UniqueIdentifier>
    </Filter>
    <Filter Include="Header Files\Model\GameObject">
      <UniqueIdentifier>{4cdcf7fb-34e0-4e07-bb8d-c5fbe4bbb94d}</UniqueIdentifier>
    </Filter>
    <Filter Include="Source Files\Model\GameObject">
      <UniqueIdentifier>{afac7647-0cc5-4b66-a394-2c0b15bc4ff3}</UniqueIdentifier>
    </Filter>
    <Filter Include="Source Files\Model\BaseModel">
      <UniqueIdentifier>{b7f251a4-153b-4ec1-995a-823b311305c9}</UniqueIdentifier>
    </Filter>
    <Filter Include="Header Files\Model\BaseModel">
      <UniqueIdentifier>{b707e4f0-4cea-44b5-8de7-1eac3f18bd3b}</UniqueIdentifier>
    </Filter>
    <Filter Include="Source Files\Model\UI\SharedService">
      <UniqueIdentifier>{a396de48-f281-4e86-a9e2-5221a2b4ccad}</UniqueIdentifier>
    </Filter>
  </ItemGroup>
  <ItemGroup>
    <ResourceCompile Include="VCTemplate.rc">
      <Filter>Resource Files</Filter>
    </ResourceCompile>
  </ItemGroup>
  <ItemGroup>
    <ClCompile Include="Src\Logger.cpp">
      <Filter>Source Files\Model\UI\SharedService</Filter>
    </ClCompile>
    <ClCompile Include="Src\ResourceBag.cpp">
      <Filter>Source Files\Model\UI\SharedService</Filter>
    </ClCompile>
    <ClCompile Include="Src\CSprite.cpp">
      <Filter>Source Files\API</Filter>
    </ClCompile>
    <ClCompile Include="Src\CSystem.cpp">
      <Filter>Source Files\API</Filter>
    </ClCompile>
    <ClCompile Include="Src\Main.cpp">
      <Filter>Source Files\Entrance</Filter>
    </ClCompile>
    <ClCompile Include="Src\CGameMain.cpp">
      <Filter>Source Files\Drivement</Filter>
    </ClCompile>
    <ClCompile Include="Src\UnitTesting.cpp">
      <Filter>Source Files\Entrance</Filter>
    </ClCompile>
    <ClCompile Include="Timer.cpp">
      <Filter>Source Files\Model\UI\SharedService</Filter>
    </ClCompile>
    <ClCompile Include="Src\Button.cpp">
      <Filter>Source Files\Model\UI</Filter>
    </ClCompile>
    <ClCompile Include="Src\DataShower.cpp">
      <Filter>Source Files\Model\UI</Filter>
    </ClCompile>
    <ClCompile Include="Src\CharacterController.cpp">
      <Filter>Source Files\Model\GameObject</Filter>
    </ClCompile>
    <ClCompile Include="Src\Entity.cpp">
      <Filter>Source Files\Model\GameObject</Filter>
    </ClCompile>
    <ClCompile Include="Src\MonsterController.cpp">
      <Filter>Source Files\Model\GameObject</Filter>
    </ClCompile>
    <ClCompile Include="Src\NonInteractiveObject.cpp">
      <Filter>Source Files\Model\GameObject</Filter>
    </ClCompile>
    <ClCompile Include="Src\PlayerController.cpp">
      <Filter>Source Files\Model\GameObject</Filter>
    </ClCompile>
    <ClCompile Include="Src\Object.cpp">
      <Filter>Source Files\Model\BaseModel</Filter>
    </ClCompile>
    <ClCompile Include="Src\ObjectManager.cpp">
      <Filter>Source Files\Model\BaseModel</Filter>
    </ClCompile>
    <ClCompile Include="Src\SceneStates.cpp">
      <Filter>Source Files\Model\BaseModel</Filter>
    </ClCompile>
    <ClCompile Include="Src\Setting.cpp">
      <Filter>Source Files\Model\BaseModel</Filter>
    </ClCompile>
    <ClCompile Include="Src\StateMachine.cpp">
      <Filter>Source Files\Model\BaseModel</Filter>
    </ClCompile>
    <ClCompile Include="Src\UI.cpp">
      <Filter>Source Files\Model\UI</Filter>
    </ClCompile>
  </ItemGroup>
  <ItemGroup>
    <ClInclude Include="include\headers\Logger.h">
      <Filter>Header Files\SharedService</Filter>
    </ClInclude>
    <ClInclude Include="include\headers\AI.h">
      <Filter>Header Files\SharedService</Filter>
    </ClInclude>
    <ClInclude Include="include\headers\Container.h">
      <Filter>Header Files\SharedService</Filter>
    </ClInclude>
    <ClInclude Include="include\headers\EventDrivenSystem.h">
      <Filter>Header Files\SharedService</Filter>
    </ClInclude>
    <ClInclude Include="include\headers\Load_Save_Data.h">
      <Filter>Header Files\SharedService</Filter>
    </ClInclude>
    <ClInclude Include="include\headers\ResourceBag.h">
      <Filter>Header Files\SharedService</Filter>
    </ClInclude>
    <ClInclude Include="include\headers\EC.h">
      <Filter>Header Files\EntranceSelector</Filter>
    </ClInclude>
    <ClInclude Include="include\headers\CGameMain.h">
      <Filter>Header Files\Drivement</Filter>
    </ClInclude>
    <ClInclude Include="include\headers\CSystem.h">
      <Filter>Header Files\API</Filter>
    </ClInclude>
    <ClInclude Include="include\headers\CSprite.h">
      <Filter>Header Files\API</Filter>
    </ClInclude>
    <ClInclude Include="include\headers\SharedService\Timer.h">
      <Filter>Header Files\SharedService</Filter>
    </ClInclude>
    <ClInclude Include="include\headers\Button.h">
      <Filter>Header Files\Model\UI</Filter>
    </ClInclude>
    <ClInclude Include="include\headers\DataShower.h">
      <Filter>Header Files\Model\UI</Filter>
    </ClInclude>
    <ClInclude Include="include\headers\CharacterController.h">
      <Filter>Header Files\Model\GameObject</Filter>
    </ClInclude>
    <ClInclude Include="include\headers\PlayerController.h">
      <Filter>Header Files\Model\GameObject</Filter>
    </ClInclude>
    <ClInclude Include="include\headers\MonsterController.h">
      <Filter>Header Files\Model\GameObject</Filter>
    </ClInclude>
    <ClInclude Include="include\headers\NonInteractiveObject .h">
      <Filter>Header Files\Model\GameObject</Filter>
    </ClInclude>
    <ClInclude Include="include\headers\Entity.h">
      <Filter>Header Files\Model\GameObject</Filter>
    </ClInclude>
    <ClInclude Include="include\headers\Object.h">
      <Filter>Header Files\Model\BaseModel</Filter>
    </ClInclude>
    <ClInclude Include="include\headers\BagSystem.h">
      <Filter>Header Files\Model</Filter>
    </ClInclude>
    <ClInclude Include="include\headers\ObjectManager.h">
      <Filter>Header Files\Model\BaseModel</Filter>
    </ClInclude>
    <ClInclude Include="include\headers\SceneStates.h">
      <Filter>Header Files\Model\BaseModel</Filter>
    </ClInclude>
    <ClInclude Include="include\headers\StateMachine.h">
      <Filter>Header Files\Model\BaseModel</Filter>
    </ClInclude>
    <ClInclude Include="include\headers\Setting.h">
      <Filter>Header Files\Model\BaseModel</Filter>
    </ClInclude>
    <ClInclude Include="include\headers\UI.h">
      <Filter>Header Files\Model\UI</Filter>
    </ClInclude>
  </ItemGroup>
  <ItemGroup>
    <None Include="..\..\..\Bin\resource.json">
      <Filter>Resource Files</Filter>
    </None>
  </ItemGroup>
</Project>