<?xml version="1.0" encoding="utf-8"?>
<Project ToolsVersion="4.0" xmlns="http://schemas.microsoft.com/developer/msbuild/2003">
  <ItemGroup>
    <Filter Include="Source Files">
      <UniqueIdentifier>{4FC737F1-C7A5-4376-A066-2A32D752A2FF}</UniqueIdentifier>
      <Extensions>cpp;c;cc;cxx;def;odl;idl;hpj;bat;asm;asmx</Extensions>
    </Filter>
    <Filter Include="Header Files">
      <UniqueIdentifier>{93995380-89BD-4b04-88EB-625FBE52EBFB}</UniqueIdentifier>
      <Extensions>h;hpp;hxx;hm;inl;inc;xsd</Extensions>
    </Filter>
    <Filter Include="Resource Files">
      <UniqueIdentifier>{67DA6AB6-F800-4c08-8B7A-83BB121AAD01}</UniqueIdentifier>
      <Extensions>rc;ico;cur;bmp;dlg;rc2;rct;bin;rgs;gif;jpg;jpeg;jpe;resx;tiff;tif;png;wav</Extensions>
    </Filter>
  </ItemGroup>
  <ItemGroup>
    <ResourceCompile Include="VCTemplate.rc">
      <Filter>Resource Files</Filter>
    </ResourceCompile>
  </ItemGroup>
  <ItemGroup>
    <ClCompile Include="Src\UnitTesting.cpp">
      <Filter>Source Files</Filter>
    </ClCompile>
    <ClCompile Include="Src\CSprite.cpp">
      <Filter>Source Files</Filter>
    </ClCompile>
    <ClCompile Include="Src\CSystem.cpp">
      <Filter>Source Files</Filter>
    </ClCompile>
    <ClCompile Include="Src\CGameMain.cpp">
      <Filter>Source Files</Filter>
    </ClCompile>
    <ClCompile Include="Src\Model.cpp">
      <Filter>Source Files</Filter>
    </ClCompile>
    <ClCompile Include="Src\View.cpp">
      <Filter>Source Files</Filter>
    </ClCompile>
    <ClCompile Include="Src\Setting.cpp">
      <Filter>Source Files</Filter>
    </ClCompile>
    <ClCompile Include="Src\EventDrivenSystem.cpp">
      <Filter>Source Files</Filter>
    </ClCompile>
    <ClCompile Include="Src\Logger.cpp">
      <Filter>Source Files</Filter>
    </ClCompile>
    <ClCompile Include="Src\States.cpp">
      <Filter>Source Files</Filter>
    </ClCompile>
    <ClCompile Include="Src\StateMachine.cpp">
      <Filter>Source Files</Filter>
    </ClCompile>
    <ClCompile Include="Src\CharacterController.cpp">
      <Filter>Source Files</Filter>
    </ClCompile>
    <ClCompile Include="Src\PlayerController.cpp">
      <Filter>Source Files</Filter>
    </ClCompile>
    <ClCompile Include="Src\MonsterController.cpp">
      <Filter>Source Files</Filter>
    </ClCompile>
    <ClCompile Include="Src\Entity.cpp">
      <Filter>Source Files</Filter>
    </ClCompile>
    <ClCompile Include="Src\EntityManager.cpp">
      <Filter>Source Files</Filter>
    </ClCompile>
    <ClCompile Include="Src\NonInteractiveObject.cpp">
      <Filter>Source Files</Filter>
    </ClCompile>
    <ClCompile Include="Src\ResourceBag.cpp">
      <Filter>Source Files</Filter>
    </ClCompile>
    <ClCompile Include="Src\Button.cpp">
      <Filter>Source Files</Filter>
    </ClCompile>
    <ClCompile Include="Src\Tiled.cpp">
      <Filter>Source Files</Filter>
    </ClCompile>
    <ClCompile Include="Src\CollisionManager.cpp">
      <Filter>Source Files</Filter>
    </ClCompile>
  </ItemGroup>
  <ItemGroup>
    <ClInclude Include="include\headers\EC.h">
      <Filter>Header Files</Filter>
    </ClInclude>
    <ClInclude Include="include\headers\CSystem.h">
      <Filter>Header Files</Filter>
    </ClInclude>
    <ClInclude Include="include\headers\CSprite.h">
      <Filter>Header Files</Filter>
    </ClInclude>
    <ClInclude Include="include\headers\CGameMain.h">
      <Filter>Header Files</Filter>
    </ClInclude>
    <ClInclude Include="include\headers\Setting.h">
      <Filter>Header Files</Filter>
    </ClInclude>
    <ClInclude Include="include\headers\EventDrivenSystem.h">
      <Filter>Header Files</Filter>
    </ClInclude>
    <ClInclude Include="include\headers\Load_Save_Data.h">
      <Filter>Header Files</Filter>
    </ClInclude>
    <ClInclude Include="include\headers\AI.h">
      <Filter>Header Files</Filter>
    </ClInclude>
    <ClInclude Include="include\headers\BagSystem.h">
      <Filter>Header Files</Filter>
    </ClInclude>
    <ClInclude Include="include\headers\Logger.h">
      <Filter>Header Files</Filter>
    </ClInclude>
    <ClInclude Include="include\headers\UI.h">
      <Filter>Header Files</Filter>
    </ClInclude>
    <ClInclude Include="include\headers\StateMachine.h">
      <Filter>Header Files</Filter>
    </ClInclude>
    <ClInclude Include="include\headers\States.h">
      <Filter>Header Files</Filter>
    </ClInclude>
    <ClInclude Include="include\headers\CharacterController.h">
      <Filter>Header Files</Filter>
    </ClInclude>
    <ClInclude Include="include\headers\PlayerController.h">
      <Filter>Header Files</Filter>
    </ClInclude>
    <ClInclude Include="include\headers\MonsterController.h">
      <Filter>Header Files</Filter>
    </ClInclude>
    <ClInclude Include="include\headers\NonInteractiveObject .h">
      <Filter>Header Files</Filter>
    </ClInclude>
    <ClInclude Include="include\headers\Entity.h">
      <Filter>Header Files</Filter>
    </ClInclude>
    <ClInclude Include="include\headers\EntityManager.h">
      <Filter>Header Files</Filter>
    </ClInclude>
    <ClInclude Include="include\headers\TEST.h">
      <Filter>Header Files</Filter>
    </ClInclude>
    <ClInclude Include="include\headers\ResourceBag.h">
      <Filter>Header Files</Filter>
    </ClInclude>
    <ClInclude Include="include\headers\Container.h">
      <Filter>Header Files</Filter>
    </ClInclude>
    <ClInclude Include="include\headers\Button.h">
      <Filter>Header Files</Filter>
    </ClInclude>
    <ClInclude Include="include\headers\Tiled.h">
      <Filter>Header Files</Filter>
    </ClInclude>
    <ClInclude Include="include\headers\CollisionManager.h">
      <Filter>Header Files</Filter>
    </ClInclude>
  </ItemGroup>
  <ItemGroup>
    <None Include="..\..\..\Bin\resource.json">
      <Filter>Resource Files</Filter>
    </None>
  </ItemGroup>
</Project>